// !$*UTF8*$!
{
	archiveVersion = 1;
	classes = {
	};
	objectVersion = 46;
	objects = {

/* Begin PBXBuildFile section */
		97BB0E921E1EAD1000175622 /* AppDelegate.swift in Sources */ = {isa = PBXBuildFile; fileRef = 97BB0E911E1EAD1000175622 /* AppDelegate.swift */; };
		97BB0E941E1EAD1000175622 /* ViewController.swift in Sources */ = {isa = PBXBuildFile; fileRef = 97BB0E931E1EAD1000175622 /* ViewController.swift */; };
		97BB0E971E1EAD1000175622 /* Main.storyboard in Resources */ = {isa = PBXBuildFile; fileRef = 97BB0E951E1EAD1000175622 /* Main.storyboard */; };
		97BB0E991E1EAD1000175622 /* Assets.xcassets in Resources */ = {isa = PBXBuildFile; fileRef = 97BB0E981E1EAD1000175622 /* Assets.xcassets */; };
		97BB0E9C1E1EAD1000175622 /* LaunchScreen.storyboard in Resources */ = {isa = PBXBuildFile; fileRef = 97BB0E9A1E1EAD1000175622 /* LaunchScreen.storyboard */; };
/* End PBXBuildFile section */

/* Begin PBXFileReference section */
		97BB0E8E1E1EAD1000175622 /* PaisesUI.app */ = {isa = PBXFileReference; explicitFileType = wrapper.application; includeInIndex = 0; path = PaisesUI.app; sourceTree = BUILT_PRODUCTS_DIR; };
		97BB0E911E1EAD1000175622 /* AppDelegate.swift */ = {isa = PBXFileReference; lastKnownFileType = sourcecode.swift; path = AppDelegate.swift; sourceTree = "<group>"; };
		97BB0E931E1EAD1000175622 /* ViewController.swift */ = {isa = PBXFileReference; lastKnownFileType = sourcecode.swift; path = ViewController.swift; sourceTree = "<group>"; };
		97BB0E961E1EAD1000175622 /* Base */ = {isa = PBXFileReference; lastKnownFileType = file.storyboard; name = Base; path = Base.lproj/Main.storyboard; sourceTree = "<group>"; };
		97BB0E981E1EAD1000175622 /* Assets.xcassets */ = {isa = PBXFileReference; lastKnownFileType = folder.assetcatalog; path = Assets.xcassets; sourceTree = "<group>"; };
		97BB0E9B1E1EAD1000175622 /* Base */ = {isa = PBXFileReference; lastKnownFileType = file.storyboard; name = Base; path = Base.lproj/LaunchScreen.storyboard; sourceTree = "<group>"; };
		97BB0E9D1E1EAD1000175622 /* Info.plist */ = {isa = PBXFileReference; lastKnownFileType = text.plist.xml; path = Info.plist; sourceTree = "<group>"; };
/* End PBXFileReference section */

/* Begin PBXFrameworksBuildPhase section */
		97BB0E8B1E1EAD1000175622 /* Frameworks */ = {
			isa = PBXFrameworksBuildPhase;
			buildActionMask = 2147483647;
			files = (
			);
			runOnlyForDeploymentPostprocessing = 0;
		};
/* End PBXFrameworksBuildPhase section */

/* Begin PBXGroup section */
		97BB0E851E1EAD1000175622 = {
			isa = PBXGroup;
			children = (
				97BB0E901E1EAD1000175622 /* PaisesUI */,
				97BB0E8F1E1EAD1000175622 /* Products */,
			);
			sourceTree = "<group>";
		};
		97BB0E8F1E1EAD1000175622 /* Products */ = {
			isa = PBXGroup;
			children = (
				97BB0E8E1E1EAD1000175622 /* PaisesUI.app */,
			);
			name = Products;
			sourceTree = "<group>";
		};
		97BB0E901E1EAD1000175622 /* PaisesUI */ = {
			isa = PBXGroup;
			children = (
				97BB0ED01E1F0A7200175622 /* Suporte */,
				97BB0E931E1EAD1000175622 /* ViewController.swift */,
				97BB0E951E1EAD1000175622 /* Main.storyboard */,
			);
			path = PaisesUI;
			sourceTree = "<group>";
		};
		97BB0ED01E1F0A7200175622 /* Suporte */ = {
			isa = PBXGroup;
			children = (
				97BB0E9D1E1EAD1000175622 /* Info.plist */,
				97BB0E911E1EAD1000175622 /* AppDelegate.swift */,
				97BB0E9A1E1EAD1000175622 /* LaunchScreen.storyboard */,
				97BB0E981E1EAD1000175622 /* Assets.xcassets */,
			);
			name = Suporte;
			sourceTree = "<group>";
		};
/* End PBXGroup section */

/* Begin PBXNativeTarget section */
		97BB0E8D1E1EAD1000175622 /* PaisesUI */ = {
			isa = PBXNativeTarget;
			buildConfigurationList = 97BB0EA01E1EAD1000175622 /* Build configuration list for PBXNativeTarget "PaisesUI" */;
			buildPhases = (
				97BB0E8A1E1EAD1000175622 /* Sources */,
				97BB0E8B1E1EAD1000175622 /* Frameworks */,
				97BB0E8C1E1EAD1000175622 /* Resources */,
			);
			buildRules = (
			);
			dependencies = (
			);
			name = PaisesUI;
			productName = PaisesUI;
			productReference = 97BB0E8E1E1EAD1000175622 /* PaisesUI.app */;
			productType = "com.apple.product-type.application";
		};
/* End PBXNativeTarget section */

/* Begin PBXProject section */
		97BB0E861E1EAD1000175622 /* Project object */ = {
			isa = PBXProject;
			attributes = {
				LastSwiftUpdateCheck = 0710;
				LastUpgradeCheck = 0710;
				ORGANIZATIONNAME = br.unirio.ios;
				TargetAttributes = {
					97BB0E8D1E1EAD1000175622 = {
						CreatedOnToolsVersion = 7.1.1;
					};
				};
			};
			buildConfigurationList = 97BB0E891E1EAD1000175622 /* Build configuration list for PBXProject "PaisesUI" */;
			compatibilityVersion = "Xcode 3.2";
			developmentRegion = English;
			hasScannedForEncodings = 0;
			knownRegions = (
				en,
				Base,
			);
			mainGroup = 97BB0E851E1EAD1000175622;
			productRefGroup = 97BB0E8F1E1EAD1000175622 /* Products */;
			projectDirPath = "";
			projectRoot = "";
			targets = (
				97BB0E8D1E1EAD1000175622 /* PaisesUI */,
			);
		};
/* End PBXProject section */

/* Begin PBXResourcesBuildPhase section */
		97BB0E8C1E1EAD1000175622 /* Resources */ = {
			isa = PBXResourcesBuildPhase;
			buildActionMask = 2147483647;
			files = (
				97BB0E9C1E1EAD1000175622 /* LaunchScreen.storyboard in Resources */,
				97BB0E991E1EAD1000175622 /* Assets.xcassets in Resources */,
				97BB0E971E1EAD1000175622 /* Main.storyboard in Resources */,
			);
			runOnlyForDeploymentPostprocessing = 0;
		};
/* End PBXResourcesBuildPhase section */

/* Begin PBXSourcesBuildPhase section */
		97BB0E8A1E1EAD1000175622 /* Sources */ = {
			isa = PBXSourcesBuildPhase;
			buildActionMask = 2147483647;
			files = (
				97BB0E941E1EAD1000175622 /* ViewController.swift in Sources */,
				97BB0E921E1EAD1000175622 /* AppDelegate.swift in Sources */,
			);
			runOnlyForDeploymentPostprocessing = 0;
		};
/* End PBXSourcesBuildPhase section */

/* Begin PBXVariantGroup section */
		97BB0E951E1EAD1000175622 /* Main.storyboard */ = {
			isa = PBXVariantGroup;
			children = (
				97BB0E961E1EAD1000175622 /* Base */,
			);
			name = Main.storyboard;
			sourceTree = "<group>";
		};
		97BB0E9A1E1EAD1000175622 /* LaunchScreen.storyboard */ = {
			isa = PBXVariantGroup;
			children = (
				97BB0E9B1E1EAD1000175622 /* Base */,
			);
			name = LaunchScreen.storyboard;
			sourceTree = "<group>";
		};
/* End PBXVariantGroup section */

/* Begin XCBuildConfiguration section */
		97BB0E9E1E1EAD1000175622 /* Debug */ = {
			isa = XCBuildConfiguration;
			buildSettings = {
				ALWAYS_SEARCH_USER_PATHS = NO;
				CLANG_CXX_LANGUAGE_STANDARD = "gnu++0x";
				CLANG_CXX_LIBRARY = "libc++";
				CLANG_ENABLE_MODULES = YES;
				CLANG_ENABLE_OBJC_ARC = YES;
				CLANG_WARN_BOOL_CONVERSION = YES;
				CLANG_WARN_CONSTANT_CONVERSION = YES;
				CLANG_WARN_DIRECT_OBJC_ISA_USAGE = YES_ERROR;
				CLANG_WARN_EMPTY_BODY = YES;
				CLANG_WARN_ENUM_CONVERSION = YES;
				CLANG_WARN_INT_CONVERSION = YES;
				CLANG_WARN_OBJC_ROOT_CLASS = YES_ERROR;
				CLANG_WARN_UNREACHABLE_CODE = YES;
				CLANG_WARN__DUPLICATE_METHOD_MATCH = YES;
				"CODE_SIGN_IDENTITY[sdk=iphoneos*]" = "iPhone Developer";
				COPY_PHASE_STRIP = NO;
				DEBUG_INFORMATION_FORMAT = dwarf;
				ENABLE_STRICT_OBJC_MSGSEND = YES;
				ENABLE_TESTABILITY = YES;
				GCC_C_LANGUAGE_STANDARD = gnu99;
				GCC_DYNAMIC_NO_PIC = NO;
				GCC_NO_COMMON_BLOCKS = YES;
				GCC_OPTIMIZATION_LEVEL = 0;
				GCC_PREPROCESSOR_DEFINITIONS = (
					"DEBUG=1",
					"$(inherited)",
				);
				GCC_WARN_64_TO_32_BIT_CONVERSION = YES;
				GCC_WARN_ABOUT_RETURN_TYPE = YES_ERROR;
				GCC_WARN_UNDECLARED_SELECTOR = YES;
				GCC_WARN_UNINITIALIZED_AUTOS = YES_AGGRESSIVE;
				GCC_WARN_UNUSED_FUNCTION = YES;
				GCC_WARN_UNUSED_VARIABLE = YES;
				IPHONEOS_DEPLOYMENT_TARGET = 9.1;
				MTL_ENABLE_DEBUG_INFO = YES;
				ONLY_ACTIVE_ARCH = YES;
				SDKROOT = iphoneos;
				SWIFT_OPTIMIZATION_LEVEL = "-Onone";
			};
			name = Debug;
		};
		97BB0E9F1E1EAD1000175622 /* Release */ = {
			isa = XCBuildConfiguration;
			buildSettings = {
				ALWAYS_SEARCH_USER_PATHS = NO;
				CLANG_CXX_LANGUAGE_STANDARD = "gnu++0x";
				CLANG_CXX_LIBRARY = "libc++";
				CLANG_ENABLE_MODULES = YES;
				CLANG_ENABLE_OBJC_ARC = YES;
				CLANG_WARN_BOOL_CONVERSION = YES;
				CLANG_WARN_CONSTANT_CONVERSION = YES;
				CLANG_WARN_DIRECT_OBJC_ISA_USAGE = YES_ERROR;
				CLANG_WARN_EMPTY_BODY = YES;
				CLANG_WARN_ENUM_CONVERSION = YES;
				CLANG_WARN_INT_CONVERSION = YES;
				CLANG_WARN_OBJC_ROOT_CLASS = YES_ERROR;
				CLANG_WARN_UNREACHABLE_CODE = YES;
				CLANG_WARN__DUPLICATE_METHOD_MATCH = YES;
				"CODE_SIGN_IDENTITY[sdk=iphoneos*]" = "iPhone Developer";
				COPY_PHASE_STRIP = NO;
				DEBUG_INFORMATION_FORMAT = "dwarf-with-dsym";
				ENABLE_NS_ASSERTIONS = NO;
				ENABLE_STRICT_OBJC_MSGSEND = YES;
				GCC_C_LANGUAGE_STANDARD = gnu99;
				GCC_NO_COMMON_BLOCKS = YES;
				GCC_WARN_64_TO_32_BIT_CONVERSION = YES;
				GCC_WARN_ABOUT_RETURN_TYPE = YES_ERROR;
				GCC_WARN_UNDECLARED_SELECTOR = YES;
				GCC_WARN_UNINITIALIZED_AUTOS = YES_AGGRESSIVE;
				GCC_WARN_UNUSED_FUNCTION = YES;
				GCC_WARN_UNUSED_VARIABLE = YES;
				IPHONEOS_DEPLOYMENT_TARGET = 9.1;
				MTL_ENABLE_DEBUG_INFO = NO;
				SDKROOT = iphoneos;
				VALIDATE_PRODUCT = YES;
			};
			name = Release;
		};
		97BB0EA11E1EAD1000175622 /* Debug */ = {
			isa = XCBuildConfiguration;
			buildSettings = {
				ASSETCATALOG_COMPILER_APPICON_NAME = AppIcon;
				INFOPLIST_FILE = PaisesUI/Info.plist;
				LD_RUNPATH_SEARCH_PATHS = "$(inherited) @executable_path/Frameworks";
				PRODUCT_BUNDLE_IDENTIFIER = br.unirio.ios.paisesui.PaisesUI;
				PRODUCT_NAME = "$(TARGET_NAME)";
			};
			name = Debug;
		};
		97BB0EA21E1EAD1000175622 /* Release */ = {
			isa = XCBuildConfiguration;
			buildSettings = {
				ASSETCATALOG_COMPILER_APPICON_NAME = AppIcon;
				INFOPLIST_FILE = PaisesUI/Info.plist;
				LD_RUNPATH_SEARCH_PATHS = "$(inherited) @executable_path/Frameworks";
				PRODUCT_BUNDLE_IDENTIFIER = br.unirio.ios.paisesui.PaisesUI;
				PRODUCT_NAME = "$(TARGET_NAME)";
			};
			name = Release;
		};
/* End XCBuildConfiguration section */

/* Begin XCConfigurationList section */
		97BB0E891E1EAD1000175622 /* Build configuration list for PBXProject "PaisesUI" */ = {
			isa = XCConfigurationList;
			buildConfigurations = (
				97BB0E9E1E1EAD1000175622 /* Debug */,
				97BB0E9F1E1EAD1000175622 /* Release */,
			);
			defaultConfigurationIsVisible = 0;
			defaultConfigurationName = Release;
		};
		97BB0EA01E1EAD1000175622 /* Build configuration list for PBXNativeTarget "PaisesUI" */ = {
			isa = XCConfigurationList;
			buildConfigurations = (
				97BB0EA11E1EAD1000175622 /* Debug */,
				97BB0EA21E1EAD1000175622 /* Release */,
			);
			defaultConfigurationIsVisible = 0;
			defaultConfigurationName = Release;
		};
/* End XCConfigurationList section */
	};
	rootObject = 97BB0E861E1EAD1000175622 /* Project object */;
}
